
Microsoft Visual Studio Solution File, Format Version 12.00
# Visual Studio 2013
VisualStudioVersion = 12.0.31101.0
MinimumVisualStudioVersion = 10.0.40219.1
Project("{8BC9CEB8-8B4A-11D0-8D11-00A0C91BC942}") = "code7_4", "code7_4.vcxproj", "{59AB55BC-71B8-4C40-B59D-3B8B0A9C9C5C}"
EndProject
Global
	GlobalSection(SolutionConfigurationPlatforms) = preSolution
		Debug|Win32 = Debug|Win32
		Release|Win32 = Release|Win32
	EndGlobalSection
	GlobalSection(ProjectConfigurationPlatforms) = postSolution
		{59AB55BC-71B8-4C40-B59D-3B8B0A9C9C5C}.Debug|Win32.ActiveCfg = Debug|Win32
		{59AB55BC-71B8-4C40-B59D-3B8B0A9C9C5C}.Debug|Win32.Build.0 = Debug|Win32
		{59AB55BC-71B8-4C40-B59D-3B8B0A9C9C5C}.Release|Win32.ActiveCfg = Release|Win32
		{59AB55BC-71B8-4C40-B59D-3B8B0A9C9C5C}.Release|Win32.Build.0 = Release|Win32
	EndGlobalSection
	GlobalSection(SolutionProperties) = preSolution
		HideSolutionNode = FALSE
	EndGlobalSection
EndGlobal
